// !$*UTF8*$!
{
	archiveVersion = 1;
	classes = {
	};
	objectVersion = 46;
	objects = {

/* Begin PBXBuildFile section */
		061F173418934437003A0C14 /* Foundation.framework in Frameworks */ = {isa = PBXBuildFile; fileRef = 061F173318934437003A0C14 /* Foundation.framework */; };
		061F173618934437003A0C14 /* CoreGraphics.framework in Frameworks */ = {isa = PBXBuildFile; fileRef = 061F173518934437003A0C14 /* CoreGraphics.framework */; };
		061F173818934437003A0C14 /* UIKit.framework in Frameworks */ = {isa = PBXBuildFile; fileRef = 061F173718934437003A0C14 /* UIKit.framework */; };
		061F173E18934437003A0C14 /* InfoPlist.strings in Resources */ = {isa = PBXBuildFile; fileRef = 061F173C18934437003A0C14 /* InfoPlist.strings */; };
		061F174018934437003A0C14 /* main.m in Sources */ = {isa = PBXBuildFile; fileRef = 061F173F18934437003A0C14 /* main.m */; };
		061F174418934437003A0C14 /* AppDelegate.m in Sources */ = {isa = PBXBuildFile; fileRef = 061F174318934437003A0C14 /* AppDelegate.m */; };
		061F174718934437003A0C14 /* Main.storyboard in Resources */ = {isa = PBXBuildFile; fileRef = 061F174518934437003A0C14 /* Main.storyboard */; };
		061F174A18934437003A0C14 /* ViewController.m in Sources */ = {isa = PBXBuildFile; fileRef = 061F174918934437003A0C14 /* ViewController.m */; };
		061F174C18934437003A0C14 /* Images.xcassets in Resources */ = {isa = PBXBuildFile; fileRef = 061F174B18934437003A0C14 /* Images.xcassets */; };
		061F175318934437003A0C14 /* XCTest.framework in Frameworks */ = {isa = PBXBuildFile; fileRef = 061F175218934437003A0C14 /* XCTest.framework */; };
		061F175418934437003A0C14 /* Foundation.framework in Frameworks */ = {isa = PBXBuildFile; fileRef = 061F173318934437003A0C14 /* Foundation.framework */; };
		061F175518934437003A0C14 /* UIKit.framework in Frameworks */ = {isa = PBXBuildFile; fileRef = 061F173718934437003A0C14 /* UIKit.framework */; };
		061F175D18934437003A0C14 /* InfoPlist.strings in Resources */ = {isa = PBXBuildFile; fileRef = 061F175B18934437003A0C14 /* InfoPlist.strings */; };
		061F175F18934437003A0C14 /* HotelCompassTests.m in Sources */ = {isa = PBXBuildFile; fileRef = 061F175E18934437003A0C14 /* HotelCompassTests.m */; };
		061F176A189346A6003A0C14 /* HotelCell.m in Sources */ = {isa = PBXBuildFile; fileRef = 061F1769189346A6003A0C14 /* HotelCell.m */; };
		061F176D1893473C003A0C14 /* CompassView.m in Sources */ = {isa = PBXBuildFile; fileRef = 061F176C1893473C003A0C14 /* CompassView.m */; };
		06734CE31894232C0092EADB /* BookingRequestManager.m in Sources */ = {isa = PBXBuildFile; fileRef = 06734CE21894232C0092EADB /* BookingRequestManager.m */; };
		06734CEC189434010092EADB /* HotelAvailabilityService.m in Sources */ = {isa = PBXBuildFile; fileRef = 06734CEB189434010092EADB /* HotelAvailabilityService.m */; };
		069F16DE189566AA00ED0E4A /* AvailableHotels.m in Sources */ = {isa = PBXBuildFile; fileRef = 069F16DD189566AA00ED0E4A /* AvailableHotels.m */; };
		069F16E3189570DE00ED0E4A /* Hotel.m in Sources */ = {isa = PBXBuildFile; fileRef = 069F16E2189570DE00ED0E4A /* Hotel.m */; };
		069F16E91895714000ED0E4A /* BaseJSONModel.m in Sources */ = {isa = PBXBuildFile; fileRef = 069F16E81895714000ED0E4A /* BaseJSONModel.m */; };
		069F16EB18957B8800ED0E4A /* QuartzCore.framework in Frameworks */ = {isa = PBXBuildFile; fileRef = 069F16EA18957B8800ED0E4A /* QuartzCore.framework */; };
		069F16ED18957B8C00ED0E4A /* CoreLocation.framework in Frameworks */ = {isa = PBXBuildFile; fileRef = 069F16EC18957B8C00ED0E4A /* CoreLocation.framework */; };
		069F16EF189597B000ED0E4A /* Blue_Arrow_Up_Darker.png in Resources */ = {isa = PBXBuildFile; fileRef = 069F16EE189597B000ED0E4A /* Blue_Arrow_Up_Darker.png */; };
		06E88B0618AABF560060500F /* ColorUtils.m in Sources */ = {isa = PBXBuildFile; fileRef = 06E88B0518AABF560060500F /* ColorUtils.m */; };
		9EE3051FFC3447E6AD1E89F9 /* libPods.a in Frameworks */ = {isa = PBXBuildFile; fileRef = 3DDA1D4B22774FC19883C323 /* libPods.a */; };
/* End PBXBuildFile section */

/* Begin PBXContainerItemProxy section */
		061F175618934437003A0C14 /* PBXContainerItemProxy */ = {
			isa = PBXContainerItemProxy;
			containerPortal = 061F172818934437003A0C14 /* Project object */;
			proxyType = 1;
			remoteGlobalIDString = 061F172F18934437003A0C14;
			remoteInfo = HotelCompass;
		};
/* End PBXContainerItemProxy section */

/* Begin PBXFileReference section */
		061F173018934437003A0C14 /* HotelCompass.app */ = {isa = PBXFileReference; explicitFileType = wrapper.application; includeInIndex = 0; path = HotelCompass.app; sourceTree = BUILT_PRODUCTS_DIR; };
		061F173318934437003A0C14 /* Foundation.framework */ = {isa = PBXFileReference; lastKnownFileType = wrapper.framework; name = Foundation.framework; path = System/Library/Frameworks/Foundation.framework; sourceTree = SDKROOT; };
		061F173518934437003A0C14 /* CoreGraphics.framework */ = {isa = PBXFileReference; lastKnownFileType = wrapper.framework; name = CoreGraphics.framework; path = System/Library/Frameworks/CoreGraphics.framework; sourceTree = SDKROOT; };
		061F173718934437003A0C14 /* UIKit.framework */ = {isa = PBXFileReference; lastKnownFileType = wrapper.framework; name = UIKit.framework; path = System/Library/Frameworks/UIKit.framework; sourceTree = SDKROOT; };
		061F173B18934437003A0C14 /* HotelCompass-Info.plist */ = {isa = PBXFileReference; lastKnownFileType = text.plist.xml; path = "HotelCompass-Info.plist"; sourceTree = "<group>"; };
		061F173D18934437003A0C14 /* en */ = {isa = PBXFileReference; lastKnownFileType = text.plist.strings; name = en; path = en.lproj/InfoPlist.strings; sourceTree = "<group>"; };
		061F173F18934437003A0C14 /* main.m */ = {isa = PBXFileReference; lastKnownFileType = sourcecode.c.objc; path = main.m; sourceTree = "<group>"; };
		061F174118934437003A0C14 /* HotelCompass-Prefix.pch */ = {isa = PBXFileReference; lastKnownFileType = sourcecode.c.h; path = "HotelCompass-Prefix.pch"; sourceTree = "<group>"; };
		061F174218934437003A0C14 /* AppDelegate.h */ = {isa = PBXFileReference; lastKnownFileType = sourcecode.c.h; path = AppDelegate.h; sourceTree = "<group>"; };
		061F174318934437003A0C14 /* AppDelegate.m */ = {isa = PBXFileReference; lastKnownFileType = sourcecode.c.objc; path = AppDelegate.m; sourceTree = "<group>"; };
		061F174618934437003A0C14 /* Base */ = {isa = PBXFileReference; lastKnownFileType = file.storyboard; name = Base; path = Base.lproj/Main.storyboard; sourceTree = "<group>"; };
		061F174818934437003A0C14 /* ViewController.h */ = {isa = PBXFileReference; lastKnownFileType = sourcecode.c.h; path = ViewController.h; sourceTree = "<group>"; };
		061F174918934437003A0C14 /* ViewController.m */ = {isa = PBXFileReference; lastKnownFileType = sourcecode.c.objc; path = ViewController.m; sourceTree = "<group>"; };
		061F174B18934437003A0C14 /* Images.xcassets */ = {isa = PBXFileReference; lastKnownFileType = folder.assetcatalog; path = Images.xcassets; sourceTree = "<group>"; };
		061F175118934437003A0C14 /* HotelCompassTests.xctest */ = {isa = PBXFileReference; explicitFileType = wrapper.cfbundle; includeInIndex = 0; path = HotelCompassTests.xctest; sourceTree = BUILT_PRODUCTS_DIR; };
		061F175218934437003A0C14 /* XCTest.framework */ = {isa = PBXFileReference; lastKnownFileType = wrapper.framework; name = XCTest.framework; path = Library/Frameworks/XCTest.framework; sourceTree = DEVELOPER_DIR; };
		061F175A18934437003A0C14 /* HotelCompassTests-Info.plist */ = {isa = PBXFileReference; lastKnownFileType = text.plist.xml; path = "HotelCompassTests-Info.plist"; sourceTree = "<group>"; };
		061F175C18934437003A0C14 /* en */ = {isa = PBXFileReference; lastKnownFileType = text.plist.strings; name = en; path = en.lproj/InfoPlist.strings; sourceTree = "<group>"; };
		061F175E18934437003A0C14 /* HotelCompassTests.m */ = {isa = PBXFileReference; lastKnownFileType = sourcecode.c.objc; path = HotelCompassTests.m; sourceTree = "<group>"; };
		061F1768189346A6003A0C14 /* HotelCell.h */ = {isa = PBXFileReference; fileEncoding = 4; lastKnownFileType = sourcecode.c.h; path = HotelCell.h; sourceTree = "<group>"; };
		061F1769189346A6003A0C14 /* HotelCell.m */ = {isa = PBXFileReference; fileEncoding = 4; lastKnownFileType = sourcecode.c.objc; path = HotelCell.m; sourceTree = "<group>"; };
		061F176B1893473C003A0C14 /* CompassView.h */ = {isa = PBXFileReference; fileEncoding = 4; lastKnownFileType = sourcecode.c.h; path = CompassView.h; sourceTree = "<group>"; };
		061F176C1893473C003A0C14 /* CompassView.m */ = {isa = PBXFileReference; fileEncoding = 4; lastKnownFileType = sourcecode.c.objc; path = CompassView.m; sourceTree = "<group>"; };
		06734CE11894232C0092EADB /* BookingRequestManager.h */ = {isa = PBXFileReference; fileEncoding = 4; lastKnownFileType = sourcecode.c.h; path = BookingRequestManager.h; sourceTree = "<group>"; };
		06734CE21894232C0092EADB /* BookingRequestManager.m */ = {isa = PBXFileReference; fileEncoding = 4; lastKnownFileType = sourcecode.c.objc; path = BookingRequestManager.m; sourceTree = "<group>"; };
		06734CEA189434010092EADB /* HotelAvailabilityService.h */ = {isa = PBXFileReference; fileEncoding = 4; lastKnownFileType = sourcecode.c.h; path = HotelAvailabilityService.h; sourceTree = "<group>"; };
		06734CEB189434010092EADB /* HotelAvailabilityService.m */ = {isa = PBXFileReference; fileEncoding = 4; lastKnownFileType = sourcecode.c.objc; path = HotelAvailabilityService.m; sourceTree = "<group>"; };
		069F16DC189566AA00ED0E4A /* AvailableHotels.h */ = {isa = PBXFileReference; fileEncoding = 4; lastKnownFileType = sourcecode.c.h; path = AvailableHotels.h; sourceTree = "<group>"; };
		069F16DD189566AA00ED0E4A /* AvailableHotels.m */ = {isa = PBXFileReference; fileEncoding = 4; lastKnownFileType = sourcecode.c.objc; path = AvailableHotels.m; sourceTree = "<group>"; };
		069F16E1189570DE00ED0E4A /* Hotel.h */ = {isa = PBXFileReference; fileEncoding = 4; lastKnownFileType = sourcecode.c.h; path = Hotel.h; sourceTree = "<group>"; };
		069F16E2189570DE00ED0E4A /* Hotel.m */ = {isa = PBXFileReference; fileEncoding = 4; lastKnownFileType = sourcecode.c.objc; path = Hotel.m; sourceTree = "<group>"; };
		069F16E71895714000ED0E4A /* BaseJSONModel.h */ = {isa = PBXFileReference; fileEncoding = 4; lastKnownFileType = sourcecode.c.h; path = BaseJSONModel.h; sourceTree = "<group>"; };
		069F16E81895714000ED0E4A /* BaseJSONModel.m */ = {isa = PBXFileReference; fileEncoding = 4; lastKnownFileType = sourcecode.c.objc; path = BaseJSONModel.m; sourceTree = "<group>"; };
		069F16EA18957B8800ED0E4A /* QuartzCore.framework */ = {isa = PBXFileReference; lastKnownFileType = wrapper.framework; name = QuartzCore.framework; path = System/Library/Frameworks/QuartzCore.framework; sourceTree = SDKROOT; };
		069F16EC18957B8C00ED0E4A /* CoreLocation.framework */ = {isa = PBXFileReference; lastKnownFileType = wrapper.framework; name = CoreLocation.framework; path = System/Library/Frameworks/CoreLocation.framework; sourceTree = SDKROOT; };
		069F16EE189597B000ED0E4A /* Blue_Arrow_Up_Darker.png */ = {isa = PBXFileReference; lastKnownFileType = image.png; path = Blue_Arrow_Up_Darker.png; sourceTree = "<group>"; };
		06DA08F618AB114900736C07 /* Settings.h */ = {isa = PBXFileReference; fileEncoding = 4; lastKnownFileType = sourcecode.c.h; path = Settings.h; sourceTree = "<group>"; };
		06E88B0418AABF560060500F /* ColorUtils.h */ = {isa = PBXFileReference; fileEncoding = 4; lastKnownFileType = sourcecode.c.h; path = ColorUtils.h; sourceTree = "<group>"; };
		06E88B0518AABF560060500F /* ColorUtils.m */ = {isa = PBXFileReference; fileEncoding = 4; lastKnownFileType = sourcecode.c.objc; path = ColorUtils.m; sourceTree = "<group>"; };
		3DDA1D4B22774FC19883C323 /* libPods.a */ = {isa = PBXFileReference; explicitFileType = archive.ar; includeInIndex = 0; path = libPods.a; sourceTree = BUILT_PRODUCTS_DIR; };
		827048F614204E4A9915C1E7 /* Pods.xcconfig */ = {isa = PBXFileReference; includeInIndex = 1; lastKnownFileType = text.xcconfig; name = Pods.xcconfig; path = Pods/Pods.xcconfig; sourceTree = "<group>"; };
/* End PBXFileReference section */

/* Begin PBXFrameworksBuildPhase section */
		061F172D18934437003A0C14 /* Frameworks */ = {
			isa = PBXFrameworksBuildPhase;
			buildActionMask = 2147483647;
			files = (
				069F16ED18957B8C00ED0E4A /* CoreLocation.framework in Frameworks */,
				069F16EB18957B8800ED0E4A /* QuartzCore.framework in Frameworks */,
				061F173618934437003A0C14 /* CoreGraphics.framework in Frameworks */,
				061F173818934437003A0C14 /* UIKit.framework in Frameworks */,
				061F173418934437003A0C14 /* Foundation.framework in Frameworks */,
				9EE3051FFC3447E6AD1E89F9 /* libPods.a in Frameworks */,
			);
			runOnlyForDeploymentPostprocessing = 0;
		};
		061F174E18934437003A0C14 /* Frameworks */ = {
			isa = PBXFrameworksBuildPhase;
			buildActionMask = 2147483647;
			files = (
				061F175318934437003A0C14 /* XCTest.framework in Frameworks */,
				061F175518934437003A0C14 /* UIKit.framework in Frameworks */,
				061F175418934437003A0C14 /* Foundation.framework in Frameworks */,
			);
			runOnlyForDeploymentPostprocessing = 0;
		};
/* End PBXFrameworksBuildPhase section */

/* Begin PBXGroup section */
		061F172718934437003A0C14 = {
			isa = PBXGroup;
			children = (
				061F173918934437003A0C14 /* HotelCompass */,
				061F175818934437003A0C14 /* HotelCompassTests */,
				061F173218934437003A0C14 /* Frameworks */,
				061F173118934437003A0C14 /* Products */,
				827048F614204E4A9915C1E7 /* Pods.xcconfig */,
			);
			sourceTree = "<group>";
		};
		061F173118934437003A0C14 /* Products */ = {
			isa = PBXGroup;
			children = (
				061F173018934437003A0C14 /* HotelCompass.app */,
				061F175118934437003A0C14 /* HotelCompassTests.xctest */,
			);
			name = Products;
			sourceTree = "<group>";
		};
		061F173218934437003A0C14 /* Frameworks */ = {
			isa = PBXGroup;
			children = (
				069F16EC18957B8C00ED0E4A /* CoreLocation.framework */,
				069F16EA18957B8800ED0E4A /* QuartzCore.framework */,
				061F173318934437003A0C14 /* Foundation.framework */,
				061F173518934437003A0C14 /* CoreGraphics.framework */,
				061F173718934437003A0C14 /* UIKit.framework */,
				061F175218934437003A0C14 /* XCTest.framework */,
				3DDA1D4B22774FC19883C323 /* libPods.a */,
			);
			name = Frameworks;
			sourceTree = "<group>";
		};
		061F173918934437003A0C14 /* HotelCompass */ = {
			isa = PBXGroup;
			children = (
				06E88B0318AABF2F0060500F /* util */,
				06734CF3189436F70092EADB /* dto */,
				06734CE0189423110092EADB /* api */,
				06734CDF18941F030092EADB /* views */,
				06734CDE18941EE40092EADB /* controllers */,
				061F174218934437003A0C14 /* AppDelegate.h */,
				061F174318934437003A0C14 /* AppDelegate.m */,
				061F174518934437003A0C14 /* Main.storyboard */,
				061F174B18934437003A0C14 /* Images.xcassets */,
				069F16EE189597B000ED0E4A /* Blue_Arrow_Up_Darker.png */,
				061F173A18934437003A0C14 /* Supporting Files */,
			);
			path = HotelCompass;
			sourceTree = "<group>";
		};
		061F173A18934437003A0C14 /* Supporting Files */ = {
			isa = PBXGroup;
			children = (
				061F173B18934437003A0C14 /* HotelCompass-Info.plist */,
				061F173C18934437003A0C14 /* InfoPlist.strings */,
				061F173F18934437003A0C14 /* main.m */,
				061F174118934437003A0C14 /* HotelCompass-Prefix.pch */,
			);
			name = "Supporting Files";
			sourceTree = "<group>";
		};
		061F175818934437003A0C14 /* HotelCompassTests */ = {
			isa = PBXGroup;
			children = (
				061F175E18934437003A0C14 /* HotelCompassTests.m */,
				061F175918934437003A0C14 /* Supporting Files */,
			);
			path = HotelCompassTests;
			sourceTree = "<group>";
		};
		061F175918934437003A0C14 /* Supporting Files */ = {
			isa = PBXGroup;
			children = (
				061F175A18934437003A0C14 /* HotelCompassTests-Info.plist */,
				061F175B18934437003A0C14 /* InfoPlist.strings */,
			);
			name = "Supporting Files";
			sourceTree = "<group>";
		};
		06734CDE18941EE40092EADB /* controllers */ = {
			isa = PBXGroup;
			children = (
				061F174818934437003A0C14 /* ViewController.h */,
				061F174918934437003A0C14 /* ViewController.m */,
			);
			name = controllers;
			sourceTree = "<group>";
		};
		06734CDF18941F030092EADB /* views */ = {
			isa = PBXGroup;
			children = (
				061F176B1893473C003A0C14 /* CompassView.h */,
				061F176C1893473C003A0C14 /* CompassView.m */,
				061F1768189346A6003A0C14 /* HotelCell.h */,
				061F1769189346A6003A0C14 /* HotelCell.m */,
			);
			name = views;
			sourceTree = "<group>";
		};
		06734CE0189423110092EADB /* api */ = {
			isa = PBXGroup;
			children = (
				06734CE11894232C0092EADB /* BookingRequestManager.h */,
				06734CE21894232C0092EADB /* BookingRequestManager.m */,
				06734CEA189434010092EADB /* HotelAvailabilityService.h */,
				06734CEB189434010092EADB /* HotelAvailabilityService.m */,
				06DA08F618AB114900736C07 /* Settings.h */,
			);
			name = api;
			sourceTree = "<group>";
		};
		06734CF3189436F70092EADB /* dto */ = {
			isa = PBXGroup;
			children = (
				069F16E71895714000ED0E4A /* BaseJSONModel.h */,
				069F16E81895714000ED0E4A /* BaseJSONModel.m */,
				069F16E1189570DE00ED0E4A /* Hotel.h */,
				069F16E2189570DE00ED0E4A /* Hotel.m */,
				069F16DC189566AA00ED0E4A /* AvailableHotels.h */,
				069F16DD189566AA00ED0E4A /* AvailableHotels.m */,
			);
			name = dto;
			sourceTree = "<group>";
		};
		06E88B0318AABF2F0060500F /* util */ = {
			isa = PBXGroup;
			children = (
				06E88B0418AABF560060500F /* ColorUtils.h */,
				06E88B0518AABF560060500F /* ColorUtils.m */,
			);
			name = util;
			sourceTree = "<group>";
		};
/* End PBXGroup section */

/* Begin PBXNativeTarget section */
		061F172F18934437003A0C14 /* HotelCompass */ = {
			isa = PBXNativeTarget;
			buildConfigurationList = 061F176218934437003A0C14 /* Build configuration list for PBXNativeTarget "HotelCompass" */;
			buildPhases = (
				9CC8BF5A837D4123B1F30282 /* Check Pods Manifest.lock */,
				061F172C18934437003A0C14 /* Sources */,
				061F172D18934437003A0C14 /* Frameworks */,
				061F172E18934437003A0C14 /* Resources */,
				CB20AABEB68D4CA79F904E62 /* Copy Pods Resources */,
			);
			buildRules = (
			);
			dependencies = (
			);
			name = HotelCompass;
			productName = HotelCompass;
			productReference = 061F173018934437003A0C14 /* HotelCompass.app */;
			productType = "com.apple.product-type.application";
		};
		061F175018934437003A0C14 /* HotelCompassTests */ = {
			isa = PBXNativeTarget;
			buildConfigurationList = 061F176518934437003A0C14 /* Build configuration list for PBXNativeTarget "HotelCompassTests" */;
			buildPhases = (
				061F174D18934437003A0C14 /* Sources */,
				061F174E18934437003A0C14 /* Frameworks */,
				061F174F18934437003A0C14 /* Resources */,
			);
			buildRules = (
			);
			dependencies = (
				061F175718934437003A0C14 /* PBXTargetDependency */,
			);
			name = HotelCompassTests;
			productName = HotelCompassTests;
			productReference = 061F175118934437003A0C14 /* HotelCompassTests.xctest */;
			productType = "com.apple.product-type.bundle.unit-test";
		};
/* End PBXNativeTarget section */

/* Begin PBXProject section */
		061F172818934437003A0C14 /* Project object */ = {
			isa = PBXProject;
			attributes = {
				LastUpgradeCheck = 0500;
				ORGANIZATIONNAME = "Diego Acosta";
				TargetAttributes = {
					061F175018934437003A0C14 = {
						TestTargetID = 061F172F18934437003A0C14;
					};
				};
			};
			buildConfigurationList = 061F172B18934437003A0C14 /* Build configuration list for PBXProject "HotelCompass" */;
			compatibilityVersion = "Xcode 3.2";
			developmentRegion = English;
			hasScannedForEncodings = 0;
			knownRegions = (
				en,
				Base,
			);
			mainGroup = 061F172718934437003A0C14;
			productRefGroup = 061F173118934437003A0C14 /* Products */;
			projectDirPath = "";
			projectRoot = "";
			targets = (
				061F172F18934437003A0C14 /* HotelCompass */,
				061F175018934437003A0C14 /* HotelCompassTests */,
			);
		};
/* End PBXProject section */

/* Begin PBXResourcesBuildPhase section */
		061F172E18934437003A0C14 /* Resources */ = {
			isa = PBXResourcesBuildPhase;
			buildActionMask = 2147483647;
			files = (
				061F174C18934437003A0C14 /* Images.xcassets in Resources */,
				069F16EF189597B000ED0E4A /* Blue_Arrow_Up_Darker.png in Resources */,
				061F173E18934437003A0C14 /* InfoPlist.strings in Resources */,
				061F174718934437003A0C14 /* Main.storyboard in Resources */,
			);
			runOnlyForDeploymentPostprocessing = 0;
		};
		061F174F18934437003A0C14 /* Resources */ = {
			isa = PBXResourcesBuildPhase;
			buildActionMask = 2147483647;
			files = (
				061F175D18934437003A0C14 /* InfoPlist.strings in Resources */,
			);
			runOnlyForDeploymentPostprocessing = 0;
		};
/* End PBXResourcesBuildPhase section */

/* Begin PBXShellScriptBuildPhase section */
		9CC8BF5A837D4123B1F30282 /* Check Pods Manifest.lock */ = {
			isa = PBXShellScriptBuildPhase;
			buildActionMask = 2147483647;
			files = (
			);
			inputPaths = (
			);
			name = "Check Pods Manifest.lock";
			outputPaths = (
			);
			runOnlyForDeploymentPostprocessing = 0;
			shellPath = /bin/sh;
			shellScript = "diff \"${PODS_ROOT}/../Podfile.lock\" \"${PODS_ROOT}/Manifest.lock\" > /dev/null\nif [[ $? != 0 ]] ; then\n    cat << EOM\nerror: The sandbox is not in sync with the Podfile.lock. Run 'pod install' or update your CocoaPods installation.\nEOM\n    exit 1\nfi\n";
			showEnvVarsInLog = 0;
		};
		CB20AABEB68D4CA79F904E62 /* Copy Pods Resources */ = {
			isa = PBXShellScriptBuildPhase;
			buildActionMask = 2147483647;
			files = (
			);
			inputPaths = (
			);
			name = "Copy Pods Resources";
			outputPaths = (
			);
			runOnlyForDeploymentPostprocessing = 0;
			shellPath = /bin/sh;
			shellScript = "\"${SRCROOT}/Pods/Pods-resources.sh\"\n";
			showEnvVarsInLog = 0;
		};
/* End PBXShellScriptBuildPhase section */

/* Begin PBXSourcesBuildPhase section */
		061F172C18934437003A0C14 /* Sources */ = {
			isa = PBXSourcesBuildPhase;
			buildActionMask = 2147483647;
			files = (
				06734CE31894232C0092EADB /* BookingRequestManager.m in Sources */,
				061F174A18934437003A0C14 /* ViewController.m in Sources */,
				061F174418934437003A0C14 /* AppDelegate.m in Sources */,
				06E88B0618AABF560060500F /* ColorUtils.m in Sources */,
				06734CEC189434010092EADB /* HotelAvailabilityService.m in Sources */,
				069F16E91895714000ED0E4A /* BaseJSONModel.m in Sources */,
				069F16DE189566AA00ED0E4A /* AvailableHotels.m in Sources */,
				061F176A189346A6003A0C14 /* HotelCell.m in Sources */,
				061F174018934437003A0C14 /* main.m in Sources */,
				069F16E3189570DE00ED0E4A /* Hotel.m in Sources */,
				061F176D1893473C003A0C14 /* CompassView.m in Sources */,
			);
			runOnlyForDeploymentPostprocessing = 0;
		};
		061F174D18934437003A0C14 /* Sources */ = {
			isa = PBXSourcesBuildPhase;
			buildActionMask = 2147483647;
			files = (
				061F175F18934437003A0C14 /* HotelCompassTests.m in Sources */,
			);
			runOnlyForDeploymentPostprocessing = 0;
		};
/* End PBXSourcesBuildPhase section */

/* Begin PBXTargetDependency section */
		061F175718934437003A0C14 /* PBXTargetDependency */ = {
			isa = PBXTargetDependency;
			target = 061F172F18934437003A0C14 /* HotelCompass */;
			targetProxy = 061F175618934437003A0C14 /* PBXContainerItemProxy */;
		};
/* End PBXTargetDependency section */

/* Begin PBXVariantGroup section */
		061F173C18934437003A0C14 /* InfoPlist.strings */ = {
			isa = PBXVariantGroup;
			children = (
				061F173D18934437003A0C14 /* en */,
			);
			name = InfoPlist.strings;
			sourceTree = "<group>";
		};
		061F174518934437003A0C14 /* Main.storyboard */ = {
			isa = PBXVariantGroup;
			children = (
				061F174618934437003A0C14 /* Base */,
			);
			name = Main.storyboard;
			sourceTree = "<group>";
		};
		061F175B18934437003A0C14 /* InfoPlist.strings */ = {
			isa = PBXVariantGroup;
			children = (
				061F175C18934437003A0C14 /* en */,
			);
			name = InfoPlist.strings;
			sourceTree = "<group>";
		};
/* End PBXVariantGroup section */

/* Begin XCBuildConfiguration section */
		061F176018934437003A0C14 /* Debug */ = {
			isa = XCBuildConfiguration;
			buildSettings = {
				ALWAYS_SEARCH_USER_PATHS = NO;
				ARCHS = "$(ARCHS_STANDARD_INCLUDING_64_BIT)";
				CLANG_CXX_LANGUAGE_STANDARD = "gnu++0x";
				CLANG_CXX_LIBRARY = "libc++";
				CLANG_ENABLE_MODULES = YES;
				CLANG_ENABLE_OBJC_ARC = YES;
				CLANG_WARN_BOOL_CONVERSION = YES;
				CLANG_WARN_CONSTANT_CONVERSION = YES;
				CLANG_WARN_DIRECT_OBJC_ISA_USAGE = YES_ERROR;
				CLANG_WARN_EMPTY_BODY = YES;
				CLANG_WARN_ENUM_CONVERSION = YES;
				CLANG_WARN_INT_CONVERSION = YES;
				CLANG_WARN_OBJC_ROOT_CLASS = YES_ERROR;
				CLANG_WARN__DUPLICATE_METHOD_MATCH = YES;
				"CODE_SIGN_IDENTITY[sdk=iphoneos*]" = "iPhone Developer";
				COPY_PHASE_STRIP = NO;
				GCC_C_LANGUAGE_STANDARD = gnu99;
				GCC_DYNAMIC_NO_PIC = NO;
				GCC_OPTIMIZATION_LEVEL = 0;
				GCC_PREPROCESSOR_DEFINITIONS = (
					"DEBUG=1",
					"$(inherited)",
				);
				GCC_SYMBOLS_PRIVATE_EXTERN = NO;
				GCC_WARN_64_TO_32_BIT_CONVERSION = YES;
				GCC_WARN_ABOUT_RETURN_TYPE = YES_ERROR;
				GCC_WARN_UNDECLARED_SELECTOR = YES;
				GCC_WARN_UNINITIALIZED_AUTOS = YES;
				GCC_WARN_UNUSED_FUNCTION = YES;
				GCC_WARN_UNUSED_VARIABLE = YES;
				IPHONEOS_DEPLOYMENT_TARGET = 7.0;
				ONLY_ACTIVE_ARCH = YES;
				SDKROOT = iphoneos;
			};
			name = Debug;
		};
		061F176118934437003A0C14 /* Release */ = {
			isa = XCBuildConfiguration;
			buildSettings = {
				ALWAYS_SEARCH_USER_PATHS = NO;
				ARCHS = "$(ARCHS_STANDARD_INCLUDING_64_BIT)";
				CLANG_CXX_LANGUAGE_STANDARD = "gnu++0x";
				CLANG_CXX_LIBRARY = "libc++";
				CLANG_ENABLE_MODULES = YES;
				CLANG_ENABLE_OBJC_ARC = YES;
				CLANG_WARN_BOOL_CONVERSION = YES;
				CLANG_WARN_CONSTANT_CONVERSION = YES;
				CLANG_WARN_DIRECT_OBJC_ISA_USAGE = YES_ERROR;
				CLANG_WARN_EMPTY_BODY = YES;
				CLANG_WARN_ENUM_CONVERSION = YES;
				CLANG_WARN_INT_CONVERSION = YES;
				CLANG_WARN_OBJC_ROOT_CLASS = YES_ERROR;
				CLANG_WARN__DUPLICATE_METHOD_MATCH = YES;
				"CODE_SIGN_IDENTITY[sdk=iphoneos*]" = "iPhone Developer";
				COPY_PHASE_STRIP = YES;
				ENABLE_NS_ASSERTIONS = NO;
				GCC_C_LANGUAGE_STANDARD = gnu99;
				GCC_WARN_64_TO_32_BIT_CONVERSION = YES;
				GCC_WARN_ABOUT_RETURN_TYPE = YES_ERROR;
				GCC_WARN_UNDECLARED_SELECTOR = YES;
				GCC_WARN_UNINITIALIZED_AUTOS = YES;
				GCC_WARN_UNUSED_FUNCTION = YES;
				GCC_WARN_UNUSED_VARIABLE = YES;
				IPHONEOS_DEPLOYMENT_TARGET = 7.0;
				SDKROOT = iphoneos;
				VALIDATE_PRODUCT = YES;
			};
			name = Release;
		};
		061F176318934437003A0C14 /* Debug */ = {
			isa = XCBuildConfiguration;
			baseConfigurationReference = 827048F614204E4A9915C1E7 /* Pods.xcconfig */;
			buildSettings = {
				ASSETCATALOG_COMPILER_APPICON_NAME = AppIcon;
				ASSETCATALOG_COMPILER_LAUNCHIMAGE_NAME = LaunchImage;
				GCC_PRECOMPILE_PREFIX_HEADER = YES;
				GCC_PREFIX_HEADER = "HotelCompass/HotelCompass-Prefix.pch";
				INFOPLIST_FILE = "HotelCompass/HotelCompass-Info.plist";
				PRODUCT_NAME = "$(TARGET_NAME)";
				WRAPPER_EXTENSION = app;
			};
			name = Debug;
		};
		061F176418934437003A0C14 /* Release */ = {
			isa = XCBuildConfiguration;
			baseConfigurationReference = 827048F614204E4A9915C1E7 /* Pods.xcconfig */;
			buildSettings = {
				ASSETCATALOG_COMPILER_APPICON_NAME = AppIcon;
				ASSETCATALOG_COMPILER_LAUNCHIMAGE_NAME = LaunchImage;
				GCC_PRECOMPILE_PREFIX_HEADER = YES;
				GCC_PREFIX_HEADER = "HotelCompass/HotelCompass-Prefix.pch";
				INFOPLIST_FILE = "HotelCompass/HotelCompass-Info.plist";
				PRODUCT_NAME = "$(TARGET_NAME)";
				WRAPPER_EXTENSION = app;
			};
			name = Release;
		};
		061F176618934437003A0C14 /* Debug */ = {
			isa = XCBuildConfiguration;
			buildSettings = {
				ARCHS = "$(ARCHS_STANDARD_INCLUDING_64_BIT)";
				BUNDLE_LOADER = "$(BUILT_PRODUCTS_DIR)/HotelCompass.app/HotelCompass";
				FRAMEWORK_SEARCH_PATHS = (
					"$(SDKROOT)/Developer/Library/Frameworks",
					"$(inherited)",
					"$(DEVELOPER_FRAMEWORKS_DIR)",
				);
				GCC_PRECOMPILE_PREFIX_HEADER = YES;
				GCC_PREFIX_HEADER = "HotelCompass/HotelCompass-Prefix.pch";
				GCC_PREPROCESSOR_DEFINITIONS = (
					"DEBUG=1",
					"$(inherited)",
				);
				INFOPLIST_FILE = "HotelCompassTests/HotelCompassTests-Info.plist";
				PRODUCT_NAME = "$(TARGET_NAME)";
				TEST_HOST = "$(BUNDLE_LOADER)";
				WRAPPER_EXTENSION = xctest;
			};
			name = Debug;
		};
		061F176718934437003A0C14 /* Release */ = {
			isa = XCBuildConfiguration;
			buildSettings = {
				ARCHS = "$(ARCHS_STANDARD_INCLUDING_64_BIT)";
				BUNDLE_LOADER = "$(BUILT_PRODUCTS_DIR)/HotelCompass.app/HotelCompass";
				FRAMEWORK_SEARCH_PATHS = (
					"$(SDKROOT)/Developer/Library/Frameworks",
					"$(inherited)",
					"$(DEVELOPER_FRAMEWORKS_DIR)",
				);
				GCC_PRECOMPILE_PREFIX_HEADER = YES;
				GCC_PREFIX_HEADER = "HotelCompass/HotelCompass-Prefix.pch";
				INFOPLIST_FILE = "HotelCompassTests/HotelCompassTests-Info.plist";
				PRODUCT_NAME = "$(TARGET_NAME)";
				TEST_HOST = "$(BUNDLE_LOADER)";
				WRAPPER_EXTENSION = xctest;
			};
			name = Release;
		};
/* End XCBuildConfiguration section */

/* Begin XCConfigurationList section */
		061F172B18934437003A0C14 /* Build configuration list for PBXProject "HotelCompass" */ = {
			isa = XCConfigurationList;
			buildConfigurations = (
				061F176018934437003A0C14 /* Debug */,
				061F176118934437003A0C14 /* Release */,
			);
			defaultConfigurationIsVisible = 0;
			defaultConfigurationName = Release;
		};
		061F176218934437003A0C14 /* Build configuration list for PBXNativeTarget "HotelCompass" */ = {
			isa = XCConfigurationList;
			buildConfigurations = (
				061F176318934437003A0C14 /* Debug */,
				061F176418934437003A0C14 /* Release */,
			);
			defaultConfigurationIsVisible = 0;
			defaultConfigurationName = Release;
		};
		061F176518934437003A0C14 /* Build configuration list for PBXNativeTarget "HotelCompassTests" */ = {
			isa = XCConfigurationList;
			buildConfigurations = (
				061F176618934437003A0C14 /* Debug */,
				061F176718934437003A0C14 /* Release */,
			);
			defaultConfigurationIsVisible = 0;
			defaultConfigurationName = Release;
		};
/* End XCConfigurationList section */
	};
	rootObject = 061F172818934437003A0C14 /* Project object */;
}
